
Microsoft Visual Studio Solution File, Format Version 12.00
# Visual Studio Version 17
VisualStudioVersion = 17.8.34330.188
MinimumVisualStudioVersion = 10.0.40219.1
Project("{FAE04EC0-301F-11D3-BF4B-00C04F79EFBC}") = "MH.AutoRegistrable", "MH.AutoRegistrable\MH.AutoRegistrable.csproj", "{6261720E-5BD7-487B-A8DB-A9F35608257B}"
EndProject
Project("{FAE04EC0-301F-11D3-BF4B-00C04F79EFBC}") = "WebApplicationExample", "WebApplicationExample\WebApplicationExample.csproj", "{27515BDC-1ACB-4799-85F1-F96571E0CF5D}"
EndProject
Global
	GlobalSection(SolutionConfigurationPlatforms) = preSolution
		Debug|Any CPU = Debug|Any CPU
		Release|Any CPU = Release|Any CPU
	EndGlobalSection
	GlobalSection(ProjectConfigurationPlatforms) = postSolution
		{6261720E-5BD7-487B-A8DB-A9F35608257B}.Debug|Any CPU.ActiveCfg = Debug|Any CPU
		{6261720E-5BD7-487B-A8DB-A9F35608257B}.Debug|Any CPU.Build.0 = Debug|Any CPU
		{6261720E-5BD7-487B-A8DB-A9F35608257B}.Release|Any CPU.ActiveCfg = Release|Any CPU
		{6261720E-5BD7-487B-A8DB-A9F35608257B}.Release|Any CPU.Build.0 = Release|Any CPU
		{27515BDC-1ACB-4799-85F1-F96571E0CF5D}.Debug|Any CPU.ActiveCfg = Debug|Any CPU
		{27515BDC-1ACB-4799-85F1-F96571E0CF5D}.Debug|Any CPU.Build.0 = Debug|Any CPU
		{27515BDC-1ACB-4799-85F1-F96571E0CF5D}.Release|Any CPU.ActiveCfg = Release|Any CPU
		{27515BDC-1ACB-4799-85F1-F96571E0CF5D}.Release|Any CPU.Build.0 = Release|Any CPU
	EndGlobalSection
	GlobalSection(SolutionProperties) = preSolution
		HideSolutionNode = FALSE
	EndGlobalSection
	GlobalSection(ExtensibilityGlobals) = postSolution
		SolutionGuid = {03C6CAFC-E2B6-4C10-AE62-A25E8900AA01}
	EndGlobalSection
EndGlobal
